// !$*UTF8*$!
{
	archiveVersion = 1;
	classes = {
	};
	objectVersion = 50;
	objects = {

/* Begin PBXBuildFile section */
		E4C1FD61263AEA8A00FF2A37 /* AppDelegate.swift in Sources */ = {isa = PBXBuildFile; fileRef = E4C1FD60263AEA8A00FF2A37 /* AppDelegate.swift */; };
		E4C1FD63263AEA8A00FF2A37 /* SceneDelegate.swift in Sources */ = {isa = PBXBuildFile; fileRef = E4C1FD62263AEA8A00FF2A37 /* SceneDelegate.swift */; };
		E4C1FD65263AEA8A00FF2A37 /* ViewController.swift in Sources */ = {isa = PBXBuildFile; fileRef = E4C1FD64263AEA8A00FF2A37 /* ViewController.swift */; };
		E4C1FD68263AEA8A00FF2A37 /* Main.storyboard in Resources */ = {isa = PBXBuildFile; fileRef = E4C1FD66263AEA8A00FF2A37 /* Main.storyboard */; };
		E4C1FD6B263AEA8A00FF2A37 /* TravelBook.xcdatamodeld in Sources */ = {isa = PBXBuildFile; fileRef = E4C1FD69263AEA8A00FF2A37 /* TravelBook.xcdatamodeld */; };
		E4C1FD6D263AEA8B00FF2A37 /* Assets.xcassets in Resources */ = {isa = PBXBuildFile; fileRef = E4C1FD6C263AEA8B00FF2A37 /* Assets.xcassets */; };
		E4C1FD70263AEA8B00FF2A37 /* LaunchScreen.storyboard in Resources */ = {isa = PBXBuildFile; fileRef = E4C1FD6E263AEA8B00FF2A37 /* LaunchScreen.storyboard */; };
		E4C1FD79263AFF8900FF2A37 /* ListViewController.swift in Sources */ = {isa = PBXBuildFile; fileRef = E4C1FD78263AFF8900FF2A37 /* ListViewController.swift */; };
/* End PBXBuildFile section */

/* Begin PBXFileReference section */
		E4C1FD5D263AEA8A00FF2A37 /* TravelBook.app */ = {isa = PBXFileReference; explicitFileType = wrapper.application; includeInIndex = 0; path = TravelBook.app; sourceTree = BUILT_PRODUCTS_DIR; };
		E4C1FD60263AEA8A00FF2A37 /* AppDelegate.swift */ = {isa = PBXFileReference; lastKnownFileType = sourcecode.swift; path = AppDelegate.swift; sourceTree = "<group>"; };
		E4C1FD62263AEA8A00FF2A37 /* SceneDelegate.swift */ = {isa = PBXFileReference; lastKnownFileType = sourcecode.swift; path = SceneDelegate.swift; sourceTree = "<group>"; };
		E4C1FD64263AEA8A00FF2A37 /* ViewController.swift */ = {isa = PBXFileReference; lastKnownFileType = sourcecode.swift; path = ViewController.swift; sourceTree = "<group>"; };
		E4C1FD67263AEA8A00FF2A37 /* Base */ = {isa = PBXFileReference; lastKnownFileType = file.storyboard; name = Base; path = Base.lproj/Main.storyboard; sourceTree = "<group>"; };
		E4C1FD6A263AEA8A00FF2A37 /* TravelBook.xcdatamodel */ = {isa = PBXFileReference; lastKnownFileType = wrapper.xcdatamodel; path = TravelBook.xcdatamodel; sourceTree = "<group>"; };
		E4C1FD6C263AEA8B00FF2A37 /* Assets.xcassets */ = {isa = PBXFileReference; lastKnownFileType = folder.assetcatalog; path = Assets.xcassets; sourceTree = "<group>"; };
		E4C1FD6F263AEA8B00FF2A37 /* Base */ = {isa = PBXFileReference; lastKnownFileType = file.storyboard; name = Base; path = Base.lproj/LaunchScreen.storyboard; sourceTree = "<group>"; };
		E4C1FD71263AEA8B00FF2A37 /* Info.plist */ = {isa = PBXFileReference; lastKnownFileType = text.plist.xml; path = Info.plist; sourceTree = "<group>"; };
		E4C1FD78263AFF8900FF2A37 /* ListViewController.swift */ = {isa = PBXFileReference; lastKnownFileType = sourcecode.swift; path = ListViewController.swift; sourceTree = "<group>"; };
/* End PBXFileReference section */

/* Begin PBXFrameworksBuildPhase section */
		E4C1FD5A263AEA8A00FF2A37 /* Frameworks */ = {
			isa = PBXFrameworksBuildPhase;
			buildActionMask = 2147483647;
			files = (
			);
			runOnlyForDeploymentPostprocessing = 0;
		};
/* End PBXFrameworksBuildPhase section */

/* Begin PBXGroup section */
		E4C1FD54263AEA8A00FF2A37 = {
			isa = PBXGroup;
			children = (
				E4C1FD5F263AEA8A00FF2A37 /* TravelBook */,
				E4C1FD5E263AEA8A00FF2A37 /* Products */,
			);
			sourceTree = "<group>";
		};
		E4C1FD5E263AEA8A00FF2A37 /* Products */ = {
			isa = PBXGroup;
			children = (
				E4C1FD5D263AEA8A00FF2A37 /* TravelBook.app */,
			);
			name = Products;
			sourceTree = "<group>";
		};
		E4C1FD5F263AEA8A00FF2A37 /* TravelBook */ = {
			isa = PBXGroup;
			children = (
				E4C1FD60263AEA8A00FF2A37 /* AppDelegate.swift */,
				E4C1FD62263AEA8A00FF2A37 /* SceneDelegate.swift */,
				E4C1FD64263AEA8A00FF2A37 /* ViewController.swift */,
				E4C1FD66263AEA8A00FF2A37 /* Main.storyboard */,
				E4C1FD6C263AEA8B00FF2A37 /* Assets.xcassets */,
				E4C1FD6E263AEA8B00FF2A37 /* LaunchScreen.storyboard */,
				E4C1FD71263AEA8B00FF2A37 /* Info.plist */,
				E4C1FD69263AEA8A00FF2A37 /* TravelBook.xcdatamodeld */,
				E4C1FD78263AFF8900FF2A37 /* ListViewController.swift */,
			);
			path = TravelBook;
			sourceTree = "<group>";
		};
/* End PBXGroup section */

/* Begin PBXNativeTarget section */
		E4C1FD5C263AEA8A00FF2A37 /* TravelBook */ = {
			isa = PBXNativeTarget;
			buildConfigurationList = E4C1FD74263AEA8B00FF2A37 /* Build configuration list for PBXNativeTarget "TravelBook" */;
			buildPhases = (
				E4C1FD59263AEA8A00FF2A37 /* Sources */,
				E4C1FD5A263AEA8A00FF2A37 /* Frameworks */,
				E4C1FD5B263AEA8A00FF2A37 /* Resources */,
			);
			buildRules = (
			);
			dependencies = (
			);
			name = TravelBook;
			productName = TravelBook;
			productReference = E4C1FD5D263AEA8A00FF2A37 /* TravelBook.app */;
			productType = "com.apple.product-type.application";
		};
/* End PBXNativeTarget section */

/* Begin PBXProject section */
		E4C1FD55263AEA8A00FF2A37 /* Project object */ = {
			isa = PBXProject;
			attributes = {
				LastSwiftUpdateCheck = 1240;
				LastUpgradeCheck = 1240;
				TargetAttributes = {
					E4C1FD5C263AEA8A00FF2A37 = {
						CreatedOnToolsVersion = 12.4;
					};
				};
			};
			buildConfigurationList = E4C1FD58263AEA8A00FF2A37 /* Build configuration list for PBXProject "TravelBook" */;
			compatibilityVersion = "Xcode 9.3";
			developmentRegion = en;
			hasScannedForEncodings = 0;
			knownRegions = (
				en,
				Base,
			);
			mainGroup = E4C1FD54263AEA8A00FF2A37;
			productRefGroup = E4C1FD5E263AEA8A00FF2A37 /* Products */;
			projectDirPath = "";
			projectRoot = "";
			targets = (
				E4C1FD5C263AEA8A00FF2A37 /* TravelBook */,
			);
		};
/* End PBXProject section */

/* Begin PBXResourcesBuildPhase section */
		E4C1FD5B263AEA8A00FF2A37 /* Resources */ = {
			isa = PBXResourcesBuildPhase;
			buildActionMask = 2147483647;
			files = (
				E4C1FD70263AEA8B00FF2A37 /* LaunchScreen.storyboard in Resources */,
				E4C1FD6D263AEA8B00FF2A37 /* Assets.xcassets in Resources */,
				E4C1FD68263AEA8A00FF2A37 /* Main.storyboard in Resources */,
			);
			runOnlyForDeploymentPostprocessing = 0;
		};
/* End PBXResourcesBuildPhase section */

/* Begin PBXSourcesBuildPhase section */
		E4C1FD59263AEA8A00FF2A37 /* Sources */ = {
			isa = PBXSourcesBuildPhase;
			buildActionMask = 2147483647;
			files = (
				E4C1FD6B263AEA8A00FF2A37 /* TravelBook.xcdatamodeld in Sources */,
				E4C1FD65263AEA8A00FF2A37 /* ViewController.swift in Sources */,
				E4C1FD61263AEA8A00FF2A37 /* AppDelegate.swift in Sources */,
				E4C1FD79263AFF8900FF2A37 /* ListViewController.swift in Sources */,
				E4C1FD63263AEA8A00FF2A37 /* SceneDelegate.swift in Sources */,
			);
			runOnlyForDeploymentPostprocessing = 0;
		};
/* End PBXSourcesBuildPhase section */

/* Begin PBXVariantGroup section */
		E4C1FD66263AEA8A00FF2A37 /* Main.storyboard */ = {
			isa = PBXVariantGroup;
			children = (
				E4C1FD67263AEA8A00FF2A37 /* Base */,
			);
			name = Main.storyboard;
			sourceTree = "<group>";
		};
		E4C1FD6E263AEA8B00FF2A37 /* LaunchScreen.storyboard */ = {
			isa = PBXVariantGroup;
			children = (
				E4C1FD6F263AEA8B00FF2A37 /* Base */,
			);
			name = LaunchScreen.storyboard;
			sourceTree = "<group>";
		};
/* End PBXVariantGroup section */

/* Begin XCBuildConfiguration section */
		E4C1FD72263AEA8B00FF2A37 /* Debug */ = {
			isa = XCBuildConfiguration;
			buildSettings = {
				ALWAYS_SEARCH_USER_PATHS = NO;
				CLANG_ANALYZER_NONNULL = YES;
				CLANG_ANALYZER_NUMBER_OBJECT_CONVERSION = YES_AGGRESSIVE;
				CLANG_CXX_LANGUAGE_STANDARD = "gnu++14";
				CLANG_CXX_LIBRARY = "libc++";
				CLANG_ENABLE_MODULES = YES;
				CLANG_ENABLE_OBJC_ARC = YES;
				CLANG_ENABLE_OBJC_WEAK = YES;
				CLANG_WARN_BLOCK_CAPTURE_AUTORELEASING = YES;
				CLANG_WARN_BOOL_CONVERSION = YES;
				CLANG_WARN_COMMA = YES;
				CLANG_WARN_CONSTANT_CONVERSION = YES;
				CLANG_WARN_DEPRECATED_OBJC_IMPLEMENTATIONS = YES;
				CLANG_WARN_DIRECT_OBJC_ISA_USAGE = YES_ERROR;
				CLANG_WARN_DOCUMENTATION_COMMENTS = YES;
				CLANG_WARN_EMPTY_BODY = YES;
				CLANG_WARN_ENUM_CONVERSION = YES;
				CLANG_WARN_INFINITE_RECURSION = YES;
				CLANG_WARN_INT_CONVERSION = YES;
				CLANG_WARN_NON_LITERAL_NULL_CONVERSION = YES;
				CLANG_WARN_OBJC_IMPLICIT_RETAIN_SELF = YES;
				CLANG_WARN_OBJC_LITERAL_CONVERSION = YES;
				CLANG_WARN_OBJC_ROOT_CLASS = YES_ERROR;
				CLANG_WARN_QUOTED_INCLUDE_IN_FRAMEWORK_HEADER = YES;
				CLANG_WARN_RANGE_LOOP_ANALYSIS = YES;
				CLANG_WARN_STRICT_PROTOTYPES = YES;
				CLANG_WARN_SUSPICIOUS_MOVE = YES;
				CLANG_WARN_UNGUARDED_AVAILABILITY = YES_AGGRESSIVE;
				CLANG_WARN_UNREACHABLE_CODE = YES;
				CLANG_WARN__DUPLICATE_METHOD_MATCH = YES;
				COPY_PHASE_STRIP = NO;
				DEBUG_INFORMATION_FORMAT = dwarf;
				ENABLE_STRICT_OBJC_MSGSEND = YES;
				ENABLE_TESTABILITY = YES;
				GCC_C_LANGUAGE_STANDARD = gnu11;
				GCC_DYNAMIC_NO_PIC = NO;
				GCC_NO_COMMON_BLOCKS = YES;
				GCC_OPTIMIZATION_LEVEL = 0;
				GCC_PREPROCESSOR_DEFINITIONS = (
					"DEBUG=1",
					"$(inherited)",
				);
				GCC_WARN_64_TO_32_BIT_CONVERSION = YES;
				GCC_WARN_ABOUT_RETURN_TYPE = YES_ERROR;
				GCC_WARN_UNDECLARED_SELECTOR = YES;
				GCC_WARN_UNINITIALIZED_AUTOS = YES_AGGRESSIVE;
				GCC_WARN_UNUSED_FUNCTION = YES;
				GCC_WARN_UNUSED_VARIABLE = YES;
				IPHONEOS_DEPLOYMENT_TARGET = 14.4;
				MTL_ENABLE_DEBUG_INFO = INCLUDE_SOURCE;
				MTL_FAST_MATH = YES;
				ONLY_ACTIVE_ARCH = YES;
				SDKROOT = iphoneos;
				SWIFT_ACTIVE_COMPILATION_CONDITIONS = DEBUG;
				SWIFT_OPTIMIZATION_LEVEL = "-Onone";
			};
			name = Debug;
		};
		E4C1FD73263AEA8B00FF2A37 /* Release */ = {
			isa = XCBuildConfiguration;
			buildSettings = {
				ALWAYS_SEARCH_USER_PATHS = NO;
				CLANG_ANALYZER_NONNULL = YES;
				CLANG_ANALYZER_NUMBER_OBJECT_CONVERSION = YES_AGGRESSIVE;
				CLANG_CXX_LANGUAGE_STANDARD = "gnu++14";
				CLANG_CXX_LIBRARY = "libc++";
				CLANG_ENABLE_MODULES = YES;
				CLANG_ENABLE_OBJC_ARC = YES;
				CLANG_ENABLE_OBJC_WEAK = YES;
				CLANG_WARN_BLOCK_CAPTURE_AUTORELEASING = YES;
				CLANG_WARN_BOOL_CONVERSION = YES;
				CLANG_WARN_COMMA = YES;
				CLANG_WARN_CONSTANT_CONVERSION = YES;
				CLANG_WARN_DEPRECATED_OBJC_IMPLEMENTATIONS = YES;
				CLANG_WARN_DIRECT_OBJC_ISA_USAGE = YES_ERROR;
				CLANG_WARN_DOCUMENTATION_COMMENTS = YES;
				CLANG_WARN_EMPTY_BODY = YES;
				CLANG_WARN_ENUM_CONVERSION = YES;
				CLANG_WARN_INFINITE_RECURSION = YES;
				CLANG_WARN_INT_CONVERSION = YES;
				CLANG_WARN_NON_LITERAL_NULL_CONVERSION = YES;
				CLANG_WARN_OBJC_IMPLICIT_RETAIN_SELF = YES;
				CLANG_WARN_OBJC_LITERAL_CONVERSION = YES;
				CLANG_WARN_OBJC_ROOT_CLASS = YES_ERROR;
				CLANG_WARN_QUOTED_INCLUDE_IN_FRAMEWORK_HEADER = YES;
				CLANG_WARN_RANGE_LOOP_ANALYSIS = YES;
				CLANG_WARN_STRICT_PROTOTYPES = YES;
				CLANG_WARN_SUSPICIOUS_MOVE = YES;
				CLANG_WARN_UNGUARDED_AVAILABILITY = YES_AGGRESSIVE;
				CLANG_WARN_UNREACHABLE_CODE = YES;
				CLANG_WARN__DUPLICATE_METHOD_MATCH = YES;
				COPY_PHASE_STRIP = NO;
				DEBUG_INFORMATION_FORMAT = "dwarf-with-dsym";
				ENABLE_NS_ASSERTIONS = NO;
				ENABLE_STRICT_OBJC_MSGSEND = YES;
				GCC_C_LANGUAGE_STANDARD = gnu11;
				GCC_NO_COMMON_BLOCKS = YES;
				GCC_WARN_64_TO_32_BIT_CONVERSION = YES;
				GCC_WARN_ABOUT_RETURN_TYPE = YES_ERROR;
				GCC_WARN_UNDECLARED_SELECTOR = YES;
				GCC_WARN_UNINITIALIZED_AUTOS = YES_AGGRESSIVE;
				GCC_WARN_UNUSED_FUNCTION = YES;
				GCC_WARN_UNUSED_VARIABLE = YES;
				IPHONEOS_DEPLOYMENT_TARGET = 14.4;
				MTL_ENABLE_DEBUG_INFO = NO;
				MTL_FAST_MATH = YES;
				SDKROOT = iphoneos;
				SWIFT_COMPILATION_MODE = wholemodule;
				SWIFT_OPTIMIZATION_LEVEL = "-O";
				VALIDATE_PRODUCT = YES;
			};
			name = Release;
		};
		E4C1FD75263AEA8B00FF2A37 /* Debug */ = {
			isa = XCBuildConfiguration;
			buildSettings = {
				ASSETCATALOG_COMPILER_APPICON_NAME = AppIcon;
				ASSETCATALOG_COMPILER_GLOBAL_ACCENT_COLOR_NAME = AccentColor;
				CODE_SIGN_STYLE = Automatic;
				DEVELOPMENT_TEAM = A2R3V7HTG5;
				INFOPLIST_FILE = TravelBook/Info.plist;
				LD_RUNPATH_SEARCH_PATHS = (
					"$(inherited)",
					"@executable_path/Frameworks",
				);
				PRODUCT_BUNDLE_IDENTIFIER = com.gustavobarbosa.TravelBook;
				PRODUCT_NAME = "$(TARGET_NAME)";
				SWIFT_VERSION = 5.0;
				TARGETED_DEVICE_FAMILY = "1,2";
			};
			name = Debug;
		};
		E4C1FD76263AEA8B00FF2A37 /* Release */ = {
			isa = XCBuildConfiguration;
			buildSettings = {
				ASSETCATALOG_COMPILER_APPICON_NAME = AppIcon;
				ASSETCATALOG_COMPILER_GLOBAL_ACCENT_COLOR_NAME = AccentColor;
				CODE_SIGN_STYLE = Automatic;
				DEVELOPMENT_TEAM = A2R3V7HTG5;
				INFOPLIST_FILE = TravelBook/Info.plist;
				LD_RUNPATH_SEARCH_PATHS = (
					"$(inherited)",
					"@executable_path/Frameworks",
				);
				PRODUCT_BUNDLE_IDENTIFIER = com.gustavobarbosa.TravelBook;
				PRODUCT_NAME = "$(TARGET_NAME)";
				SWIFT_VERSION = 5.0;
				TARGETED_DEVICE_FAMILY = "1,2";
			};
			name = Release;
		};
/* End XCBuildConfiguration section */

/* Begin XCConfigurationList section */
		E4C1FD58263AEA8A00FF2A37 /* Build configuration list for PBXProject "TravelBook" */ = {
			isa = XCConfigurationList;
			buildConfigurations = (
				E4C1FD72263AEA8B00FF2A37 /* Debug */,
				E4C1FD73263AEA8B00FF2A37 /* Release */,
			);
			defaultConfigurationIsVisible = 0;
			defaultConfigurationName = Release;
		};
		E4C1FD74263AEA8B00FF2A37 /* Build configuration list for PBXNativeTarget "TravelBook" */ = {
			isa = XCConfigurationList;
			buildConfigurations = (
				E4C1FD75263AEA8B00FF2A37 /* Debug */,
				E4C1FD76263AEA8B00FF2A37 /* Release */,
			);
			defaultConfigurationIsVisible = 0;
			defaultConfigurationName = Release;
		};
/* End XCConfigurationList section */

/* Begin XCVersionGroup section */
		E4C1FD69263AEA8A00FF2A37 /* TravelBook.xcdatamodeld */ = {
			isa = XCVersionGroup;
			children = (
				E4C1FD6A263AEA8A00FF2A37 /* TravelBook.xcdatamodel */,
			);
			currentVersion = E4C1FD6A263AEA8A00FF2A37 /* TravelBook.xcdatamodel */;
			path = TravelBook.xcdatamodeld;
			sourceTree = "<group>";
			versionGroupType = wrapper.xcdatamodel;
		};
/* End XCVersionGroup section */
	};
	rootObject = E4C1FD55263AEA8A00FF2A37 /* Project object */;
}
